
Microsoft Visual Studio Solution File, Format Version 12.00
# Visual Studio Version 17
VisualStudioVersion = 17.0.31903.59
MinimumVisualStudioVersion = 10.0.40219.1
Project("{FAE04EC0-301F-11D3-BF4B-00C04F79EFBC}") = "Eventshuffle.Api", "Eventshuffle.Api\Eventshuffle.Api.csproj", "{A93181A2-B451-4624-8F62-C7A38AFF4798}"
EndProject
Project("{FAE04EC0-301F-11D3-BF4B-00C04F79EFBC}") = "Eventshuffle.Application", "Eventshuffle.Application\Eventshuffle.Application.csproj", "{A6BF3FD6-CCDA-4E4E-8A65-B26741B25D98}"
EndProject
Project("{FAE04EC0-301F-11D3-BF4B-00C04F79EFBC}") = "Eventshuffle.Infra", "Eventshuffle.Infra\Eventshuffle.Infra.csproj", "{BEABE490-016A-4BC7-B1D3-7F7BCAC9A5EB}"
EndProject
Project("{FAE04EC0-301F-11D3-BF4B-00C04F79EFBC}") = "Eventshuffle.Domain", "Eventshuffle.Domain\Eventshuffle.Domain.csproj", "{1667FFC3-0083-438D-9983-7AF79EFD5E8B}"
EndProject
Project("{FAE04EC0-301F-11D3-BF4B-00C04F79EFBC}") = "Eventshuffle.Tests", "Eventshuffle.Tests\Eventshuffle.Tests.csproj", "{09DD1641-F028-4B8E-A428-911458138B18}"
EndProject
Global
	GlobalSection(SolutionConfigurationPlatforms) = preSolution
		Debug|Any CPU = Debug|Any CPU
		Release|Any CPU = Release|Any CPU
	EndGlobalSection
	GlobalSection(SolutionProperties) = preSolution
		HideSolutionNode = FALSE
	EndGlobalSection
	GlobalSection(ProjectConfigurationPlatforms) = postSolution
		{A93181A2-B451-4624-8F62-C7A38AFF4798}.Debug|Any CPU.ActiveCfg = Debug|Any CPU
		{A93181A2-B451-4624-8F62-C7A38AFF4798}.Debug|Any CPU.Build.0 = Debug|Any CPU
		{A93181A2-B451-4624-8F62-C7A38AFF4798}.Release|Any CPU.ActiveCfg = Release|Any CPU
		{A93181A2-B451-4624-8F62-C7A38AFF4798}.Release|Any CPU.Build.0 = Release|Any CPU
		{A6BF3FD6-CCDA-4E4E-8A65-B26741B25D98}.Debug|Any CPU.ActiveCfg = Debug|Any CPU
		{A6BF3FD6-CCDA-4E4E-8A65-B26741B25D98}.Debug|Any CPU.Build.0 = Debug|Any CPU
		{A6BF3FD6-CCDA-4E4E-8A65-B26741B25D98}.Release|Any CPU.ActiveCfg = Release|Any CPU
		{A6BF3FD6-CCDA-4E4E-8A65-B26741B25D98}.Release|Any CPU.Build.0 = Release|Any CPU
		{BEABE490-016A-4BC7-B1D3-7F7BCAC9A5EB}.Debug|Any CPU.ActiveCfg = Debug|Any CPU
		{BEABE490-016A-4BC7-B1D3-7F7BCAC9A5EB}.Debug|Any CPU.Build.0 = Debug|Any CPU
		{BEABE490-016A-4BC7-B1D3-7F7BCAC9A5EB}.Release|Any CPU.ActiveCfg = Release|Any CPU
		{BEABE490-016A-4BC7-B1D3-7F7BCAC9A5EB}.Release|Any CPU.Build.0 = Release|Any CPU
		{1667FFC3-0083-438D-9983-7AF79EFD5E8B}.Debug|Any CPU.ActiveCfg = Debug|Any CPU
		{1667FFC3-0083-438D-9983-7AF79EFD5E8B}.Debug|Any CPU.Build.0 = Debug|Any CPU
		{1667FFC3-0083-438D-9983-7AF79EFD5E8B}.Release|Any CPU.ActiveCfg = Release|Any CPU
		{1667FFC3-0083-438D-9983-7AF79EFD5E8B}.Release|Any CPU.Build.0 = Release|Any CPU
		{09DD1641-F028-4B8E-A428-911458138B18}.Debug|Any CPU.ActiveCfg = Debug|Any CPU
		{09DD1641-F028-4B8E-A428-911458138B18}.Debug|Any CPU.Build.0 = Debug|Any CPU
		{09DD1641-F028-4B8E-A428-911458138B18}.Release|Any CPU.ActiveCfg = Release|Any CPU
		{09DD1641-F028-4B8E-A428-911458138B18}.Release|Any CPU.Build.0 = Release|Any CPU
	EndGlobalSection
EndGlobal
